// !$*UTF8*$!
{
	archiveVersion = 1;
	classes = {
	};
	objectVersion = 56;
	objects = {

/* Begin PBXBuildFile section */
		E2B8D29D2CF3ABDC0098B6DD /* Crypto_AppApp.swift in Sources */ = {isa = PBXBuildFile; fileRef = E2B8D29C2CF3ABDC0098B6DD /* Crypto_AppApp.swift */; };
		E2B8D29F2CF3ABDC0098B6DD /* ContentView.swift in Sources */ = {isa = PBXBuildFile; fileRef = E2B8D29E2CF3ABDC0098B6DD /* ContentView.swift */; };
		E2B8D2A42CF3ABDF0098B6DD /* Preview Assets.xcassets in Resources */ = {isa = PBXBuildFile; fileRef = E2B8D2A32CF3ABDF0098B6DD /* Preview Assets.xcassets */; };
		E2B8D2A62CF3ABDF0098B6DD /* Persistence.swift in Sources */ = {isa = PBXBuildFile; fileRef = E2B8D2A52CF3ABDF0098B6DD /* Persistence.swift */; };
		E2B8D2A92CF3ABDF0098B6DD /* Crypto_App.xcdatamodeld in Sources */ = {isa = PBXBuildFile; fileRef = E2B8D2A72CF3ABDF0098B6DD /* Crypto_App.xcdatamodeld */; };
		E2B8D2B02CF3ACC30098B6DD /* Assets.xcassets in Resources */ = {isa = PBXBuildFile; fileRef = E2B8D2AF2CF3ACC30098B6DD /* Assets.xcassets */; };
		E2B8D2B32CF3ADAA0098B6DD /* Color.swift in Sources */ = {isa = PBXBuildFile; fileRef = E2B8D2B22CF3ADAA0098B6DD /* Color.swift */; };
		E2B8D2BB2CF3AF8D0098B6DD /* HomeView.swift in Sources */ = {isa = PBXBuildFile; fileRef = E2B8D2BA2CF3AF8D0098B6DD /* HomeView.swift */; };
		E2B8D2BF2CF3B09B0098B6DD /* CircleButtonView.swift in Sources */ = {isa = PBXBuildFile; fileRef = E2B8D2BE2CF3B09B0098B6DD /* CircleButtonView.swift */; };
		E2B8D2C12CF3B5BE0098B6DD /* CircleButtonAnimationView.swift in Sources */ = {isa = PBXBuildFile; fileRef = E2B8D2C02CF3B5BE0098B6DD /* CircleButtonAnimationView.swift */; };
		E2B8D2C42CF3B7290098B6DD /* Coin.swift in Sources */ = {isa = PBXBuildFile; fileRef = E2B8D2C32CF3B7290098B6DD /* Coin.swift */; };
/* End PBXBuildFile section */

/* Begin PBXFileReference section */
		E2B8D2992CF3ABDC0098B6DD /* Crypto_App.app */ = {isa = PBXFileReference; explicitFileType = wrapper.application; includeInIndex = 0; path = Crypto_App.app; sourceTree = BUILT_PRODUCTS_DIR; };
		E2B8D29C2CF3ABDC0098B6DD /* Crypto_AppApp.swift */ = {isa = PBXFileReference; lastKnownFileType = sourcecode.swift; path = Crypto_AppApp.swift; sourceTree = "<group>"; };
		E2B8D29E2CF3ABDC0098B6DD /* ContentView.swift */ = {isa = PBXFileReference; lastKnownFileType = sourcecode.swift; path = ContentView.swift; sourceTree = "<group>"; };
		E2B8D2A32CF3ABDF0098B6DD /* Preview Assets.xcassets */ = {isa = PBXFileReference; lastKnownFileType = folder.assetcatalog; path = "Preview Assets.xcassets"; sourceTree = "<group>"; };
		E2B8D2A52CF3ABDF0098B6DD /* Persistence.swift */ = {isa = PBXFileReference; lastKnownFileType = sourcecode.swift; path = Persistence.swift; sourceTree = "<group>"; };
		E2B8D2A82CF3ABDF0098B6DD /* Crypto_App.xcdatamodel */ = {isa = PBXFileReference; lastKnownFileType = wrapper.xcdatamodel; path = Crypto_App.xcdatamodel; sourceTree = "<group>"; };
		E2B8D2AF2CF3ACC30098B6DD /* Assets.xcassets */ = {isa = PBXFileReference; lastKnownFileType = folder.assetcatalog; name = Assets.xcassets; path = ../../../Downloads/Resources/Assets.xcassets; sourceTree = "<group>"; };
		E2B8D2B22CF3ADAA0098B6DD /* Color.swift */ = {isa = PBXFileReference; lastKnownFileType = sourcecode.swift; path = Color.swift; sourceTree = "<group>"; };
		E2B8D2BA2CF3AF8D0098B6DD /* HomeView.swift */ = {isa = PBXFileReference; lastKnownFileType = sourcecode.swift; path = HomeView.swift; sourceTree = "<group>"; };
		E2B8D2BE2CF3B09B0098B6DD /* CircleButtonView.swift */ = {isa = PBXFileReference; lastKnownFileType = sourcecode.swift; path = CircleButtonView.swift; sourceTree = "<group>"; };
		E2B8D2C02CF3B5BE0098B6DD /* CircleButtonAnimationView.swift */ = {isa = PBXFileReference; lastKnownFileType = sourcecode.swift; path = CircleButtonAnimationView.swift; sourceTree = "<group>"; };
		E2B8D2C32CF3B7290098B6DD /* Coin.swift */ = {isa = PBXFileReference; lastKnownFileType = sourcecode.swift; path = Coin.swift; sourceTree = "<group>"; };
/* End PBXFileReference section */

/* Begin PBXFrameworksBuildPhase section */
		E2B8D2962CF3ABDC0098B6DD /* Frameworks */ = {
			isa = PBXFrameworksBuildPhase;
			buildActionMask = 2147483647;
			files = (
			);
			runOnlyForDeploymentPostprocessing = 0;
		};
/* End PBXFrameworksBuildPhase section */

/* Begin PBXGroup section */
		E2B8D2902CF3ABDC0098B6DD = {
			isa = PBXGroup;
			children = (
				E2B8D29B2CF3ABDC0098B6DD /* Crypto_App */,
				E2B8D29A2CF3ABDC0098B6DD /* Products */,
			);
			sourceTree = "<group>";
		};
		E2B8D29A2CF3ABDC0098B6DD /* Products */ = {
			isa = PBXGroup;
			children = (
				E2B8D2992CF3ABDC0098B6DD /* Crypto_App.app */,
			);
			name = Products;
			sourceTree = "<group>";
		};
		E2B8D29B2CF3ABDC0098B6DD /* Crypto_App */ = {
			isa = PBXGroup;
			children = (
				E2B8D2C22CF3B7160098B6DD /* Models */,
				E2B8D2B42CF3AF380098B6DD /* Core */,
				E2B8D2B12CF3AD980098B6DD /* Extensions */,
				E2B8D29C2CF3ABDC0098B6DD /* Crypto_AppApp.swift */,
				E2B8D29E2CF3ABDC0098B6DD /* ContentView.swift */,
				E2B8D2AF2CF3ACC30098B6DD /* Assets.xcassets */,
				E2B8D2A52CF3ABDF0098B6DD /* Persistence.swift */,
				E2B8D2A72CF3ABDF0098B6DD /* Crypto_App.xcdatamodeld */,
				E2B8D2A22CF3ABDF0098B6DD /* Preview Content */,
			);
			path = Crypto_App;
			sourceTree = "<group>";
		};
		E2B8D2A22CF3ABDF0098B6DD /* Preview Content */ = {
			isa = PBXGroup;
			children = (
				E2B8D2A32CF3ABDF0098B6DD /* Preview Assets.xcassets */,
			);
			path = "Preview Content";
			sourceTree = "<group>";
		};
		E2B8D2B12CF3AD980098B6DD /* Extensions */ = {
			isa = PBXGroup;
			children = (
				E2B8D2B22CF3ADAA0098B6DD /* Color.swift */,
			);
			path = Extensions;
			sourceTree = "<group>";
		};
		E2B8D2B42CF3AF380098B6DD /* Core */ = {
			isa = PBXGroup;
			children = (
				E2B8D2BC2CF3B0830098B6DD /* Components */,
				E2B8D2B52CF3AF520098B6DD /* Home */,
			);
			path = Core;
			sourceTree = "<group>";
		};
		E2B8D2B52CF3AF520098B6DD /* Home */ = {
			isa = PBXGroup;
			children = (
				E2B8D2B72CF3AF630098B6DD /* ViewModels */,
				E2B8D2B62CF3AF5D0098B6DD /* Views */,
			);
			path = Home;
			sourceTree = "<group>";
		};
		E2B8D2B62CF3AF5D0098B6DD /* Views */ = {
			isa = PBXGroup;
			children = (
				E2B8D2BA2CF3AF8D0098B6DD /* HomeView.swift */,
			);
			path = Views;
			sourceTree = "<group>";
		};
		E2B8D2B72CF3AF630098B6DD /* ViewModels */ = {
			isa = PBXGroup;
			children = (
			);
			path = ViewModels;
			sourceTree = "<group>";
		};
		E2B8D2BC2CF3B0830098B6DD /* Components */ = {
			isa = PBXGroup;
			children = (
				E2B8D2BD2CF3B08C0098B6DD /* CircleButton */,
			);
			path = Components;
			sourceTree = "<group>";
		};
		E2B8D2BD2CF3B08C0098B6DD /* CircleButton */ = {
			isa = PBXGroup;
			children = (
				E2B8D2BE2CF3B09B0098B6DD /* CircleButtonView.swift */,
				E2B8D2C02CF3B5BE0098B6DD /* CircleButtonAnimationView.swift */,
			);
			path = CircleButton;
			sourceTree = "<group>";
		};
		E2B8D2C22CF3B7160098B6DD /* Models */ = {
			isa = PBXGroup;
			children = (
				E2B8D2C32CF3B7290098B6DD /* Coin.swift */,
			);
			path = Models;
			sourceTree = "<group>";
		};
/* End PBXGroup section */

/* Begin PBXNativeTarget section */
		E2B8D2982CF3ABDC0098B6DD /* Crypto_App */ = {
			isa = PBXNativeTarget;
			buildConfigurationList = E2B8D2AC2CF3ABDF0098B6DD /* Build configuration list for PBXNativeTarget "Crypto_App" */;
			buildPhases = (
				E2B8D2952CF3ABDC0098B6DD /* Sources */,
				E2B8D2962CF3ABDC0098B6DD /* Frameworks */,
				E2B8D2972CF3ABDC0098B6DD /* Resources */,
			);
			buildRules = (
			);
			dependencies = (
			);
			name = Crypto_App;
			productName = Crypto_App;
			productReference = E2B8D2992CF3ABDC0098B6DD /* Crypto_App.app */;
			productType = "com.apple.product-type.application";
		};
/* End PBXNativeTarget section */

/* Begin PBXProject section */
		E2B8D2912CF3ABDC0098B6DD /* Project object */ = {
			isa = PBXProject;
			attributes = {
				BuildIndependentTargetsInParallel = 1;
				LastSwiftUpdateCheck = 1540;
				LastUpgradeCheck = 1540;
				TargetAttributes = {
					E2B8D2982CF3ABDC0098B6DD = {
						CreatedOnToolsVersion = 15.4;
					};
				};
			};
			buildConfigurationList = E2B8D2942CF3ABDC0098B6DD /* Build configuration list for PBXProject "Crypto_App" */;
			compatibilityVersion = "Xcode 14.0";
			developmentRegion = en;
			hasScannedForEncodings = 0;
			knownRegions = (
				en,
				Base,
			);
			mainGroup = E2B8D2902CF3ABDC0098B6DD;
			productRefGroup = E2B8D29A2CF3ABDC0098B6DD /* Products */;
			projectDirPath = "";
			projectRoot = "";
			targets = (
				E2B8D2982CF3ABDC0098B6DD /* Crypto_App */,
			);
		};
/* End PBXProject section */

/* Begin PBXResourcesBuildPhase section */
		E2B8D2972CF3ABDC0098B6DD /* Resources */ = {
			isa = PBXResourcesBuildPhase;
			buildActionMask = 2147483647;
			files = (
				E2B8D2A42CF3ABDF0098B6DD /* Preview Assets.xcassets in Resources */,
				E2B8D2B02CF3ACC30098B6DD /* Assets.xcassets in Resources */,
			);
			runOnlyForDeploymentPostprocessing = 0;
		};
/* End PBXResourcesBuildPhase section */

/* Begin PBXSourcesBuildPhase section */
		E2B8D2952CF3ABDC0098B6DD /* Sources */ = {
			isa = PBXSourcesBuildPhase;
			buildActionMask = 2147483647;
			files = (
				E2B8D2A92CF3ABDF0098B6DD /* Crypto_App.xcdatamodeld in Sources */,
				E2B8D2A62CF3ABDF0098B6DD /* Persistence.swift in Sources */,
				E2B8D2BF2CF3B09B0098B6DD /* CircleButtonView.swift in Sources */,
				E2B8D2C12CF3B5BE0098B6DD /* CircleButtonAnimationView.swift in Sources */,
				E2B8D29F2CF3ABDC0098B6DD /* ContentView.swift in Sources */,
				E2B8D2BB2CF3AF8D0098B6DD /* HomeView.swift in Sources */,
				E2B8D2B32CF3ADAA0098B6DD /* Color.swift in Sources */,
				E2B8D2C42CF3B7290098B6DD /* Coin.swift in Sources */,
				E2B8D29D2CF3ABDC0098B6DD /* Crypto_AppApp.swift in Sources */,
			);
			runOnlyForDeploymentPostprocessing = 0;
		};
/* End PBXSourcesBuildPhase section */

/* Begin XCBuildConfiguration section */
		E2B8D2AA2CF3ABDF0098B6DD /* Debug */ = {
			isa = XCBuildConfiguration;
			buildSettings = {
				ALWAYS_SEARCH_USER_PATHS = NO;
				ASSETCATALOG_COMPILER_GENERATE_SWIFT_ASSET_SYMBOL_EXTENSIONS = YES;
				CLANG_ANALYZER_NONNULL = YES;
				CLANG_ANALYZER_NUMBER_OBJECT_CONVERSION = YES_AGGRESSIVE;
				CLANG_CXX_LANGUAGE_STANDARD = "gnu++20";
				CLANG_ENABLE_MODULES = YES;
				CLANG_ENABLE_OBJC_ARC = YES;
				CLANG_ENABLE_OBJC_WEAK = YES;
				CLANG_WARN_BLOCK_CAPTURE_AUTORELEASING = YES;
				CLANG_WARN_BOOL_CONVERSION = YES;
				CLANG_WARN_COMMA = YES;
				CLANG_WARN_CONSTANT_CONVERSION = YES;
				CLANG_WARN_DEPRECATED_OBJC_IMPLEMENTATIONS = YES;
				CLANG_WARN_DIRECT_OBJC_ISA_USAGE = YES_ERROR;
				CLANG_WARN_DOCUMENTATION_COMMENTS = YES;
				CLANG_WARN_EMPTY_BODY = YES;
				CLANG_WARN_ENUM_CONVERSION = YES;
				CLANG_WARN_INFINITE_RECURSION = YES;
				CLANG_WARN_INT_CONVERSION = YES;
				CLANG_WARN_NON_LITERAL_NULL_CONVERSION = YES;
				CLANG_WARN_OBJC_IMPLICIT_RETAIN_SELF = YES;
				CLANG_WARN_OBJC_LITERAL_CONVERSION = YES;
				CLANG_WARN_OBJC_ROOT_CLASS = YES_ERROR;
				CLANG_WARN_QUOTED_INCLUDE_IN_FRAMEWORK_HEADER = YES;
				CLANG_WARN_RANGE_LOOP_ANALYSIS = YES;
				CLANG_WARN_STRICT_PROTOTYPES = YES;
				CLANG_WARN_SUSPICIOUS_MOVE = YES;
				CLANG_WARN_UNGUARDED_AVAILABILITY = YES_AGGRESSIVE;
				CLANG_WARN_UNREACHABLE_CODE = YES;
				CLANG_WARN__DUPLICATE_METHOD_MATCH = YES;
				COPY_PHASE_STRIP = NO;
				DEBUG_INFORMATION_FORMAT = dwarf;
				ENABLE_STRICT_OBJC_MSGSEND = YES;
				ENABLE_TESTABILITY = YES;
				ENABLE_USER_SCRIPT_SANDBOXING = YES;
				GCC_C_LANGUAGE_STANDARD = gnu17;
				GCC_DYNAMIC_NO_PIC = NO;
				GCC_NO_COMMON_BLOCKS = YES;
				GCC_OPTIMIZATION_LEVEL = 0;
				GCC_PREPROCESSOR_DEFINITIONS = (
					"DEBUG=1",
					"$(inherited)",
				);
				GCC_WARN_64_TO_32_BIT_CONVERSION = YES;
				GCC_WARN_ABOUT_RETURN_TYPE = YES_ERROR;
				GCC_WARN_UNDECLARED_SELECTOR = YES;
				GCC_WARN_UNINITIALIZED_AUTOS = YES_AGGRESSIVE;
				GCC_WARN_UNUSED_FUNCTION = YES;
				GCC_WARN_UNUSED_VARIABLE = YES;
				IPHONEOS_DEPLOYMENT_TARGET = 17.5;
				LOCALIZATION_PREFERS_STRING_CATALOGS = YES;
				MTL_ENABLE_DEBUG_INFO = INCLUDE_SOURCE;
				MTL_FAST_MATH = YES;
				ONLY_ACTIVE_ARCH = YES;
				SDKROOT = iphoneos;
				SWIFT_ACTIVE_COMPILATION_CONDITIONS = "DEBUG $(inherited)";
				SWIFT_OPTIMIZATION_LEVEL = "-Onone";
			};
			name = Debug;
		};
		E2B8D2AB2CF3ABDF0098B6DD /* Release */ = {
			isa = XCBuildConfiguration;
			buildSettings = {
				ALWAYS_SEARCH_USER_PATHS = NO;
				ASSETCATALOG_COMPILER_GENERATE_SWIFT_ASSET_SYMBOL_EXTENSIONS = YES;
				CLANG_ANALYZER_NONNULL = YES;
				CLANG_ANALYZER_NUMBER_OBJECT_CONVERSION = YES_AGGRESSIVE;
				CLANG_CXX_LANGUAGE_STANDARD = "gnu++20";
				CLANG_ENABLE_MODULES = YES;
				CLANG_ENABLE_OBJC_ARC = YES;
				CLANG_ENABLE_OBJC_WEAK = YES;
				CLANG_WARN_BLOCK_CAPTURE_AUTORELEASING = YES;
				CLANG_WARN_BOOL_CONVERSION = YES;
				CLANG_WARN_COMMA = YES;
				CLANG_WARN_CONSTANT_CONVERSION = YES;
				CLANG_WARN_DEPRECATED_OBJC_IMPLEMENTATIONS = YES;
				CLANG_WARN_DIRECT_OBJC_ISA_USAGE = YES_ERROR;
				CLANG_WARN_DOCUMENTATION_COMMENTS = YES;
				CLANG_WARN_EMPTY_BODY = YES;
				CLANG_WARN_ENUM_CONVERSION = YES;
				CLANG_WARN_INFINITE_RECURSION = YES;
				CLANG_WARN_INT_CONVERSION = YES;
				CLANG_WARN_NON_LITERAL_NULL_CONVERSION = YES;
				CLANG_WARN_OBJC_IMPLICIT_RETAIN_SELF = YES;
				CLANG_WARN_OBJC_LITERAL_CONVERSION = YES;
				CLANG_WARN_OBJC_ROOT_CLASS = YES_ERROR;
				CLANG_WARN_QUOTED_INCLUDE_IN_FRAMEWORK_HEADER = YES;
				CLANG_WARN_RANGE_LOOP_ANALYSIS = YES;
				CLANG_WARN_STRICT_PROTOTYPES = YES;
				CLANG_WARN_SUSPICIOUS_MOVE = YES;
				CLANG_WARN_UNGUARDED_AVAILABILITY = YES_AGGRESSIVE;
				CLANG_WARN_UNREACHABLE_CODE = YES;
				CLANG_WARN__DUPLICATE_METHOD_MATCH = YES;
				COPY_PHASE_STRIP = NO;
				DEBUG_INFORMATION_FORMAT = "dwarf-with-dsym";
				ENABLE_NS_ASSERTIONS = NO;
				ENABLE_STRICT_OBJC_MSGSEND = YES;
				ENABLE_USER_SCRIPT_SANDBOXING = YES;
				GCC_C_LANGUAGE_STANDARD = gnu17;
				GCC_NO_COMMON_BLOCKS = YES;
				GCC_WARN_64_TO_32_BIT_CONVERSION = YES;
				GCC_WARN_ABOUT_RETURN_TYPE = YES_ERROR;
				GCC_WARN_UNDECLARED_SELECTOR = YES;
				GCC_WARN_UNINITIALIZED_AUTOS = YES_AGGRESSIVE;
				GCC_WARN_UNUSED_FUNCTION = YES;
				GCC_WARN_UNUSED_VARIABLE = YES;
				IPHONEOS_DEPLOYMENT_TARGET = 17.5;
				LOCALIZATION_PREFERS_STRING_CATALOGS = YES;
				MTL_ENABLE_DEBUG_INFO = NO;
				MTL_FAST_MATH = YES;
				SDKROOT = iphoneos;
				SWIFT_COMPILATION_MODE = wholemodule;
				VALIDATE_PRODUCT = YES;
			};
			name = Release;
		};
		E2B8D2AD2CF3ABDF0098B6DD /* Debug */ = {
			isa = XCBuildConfiguration;
			buildSettings = {
				ASSETCATALOG_COMPILER_APPICON_NAME = AppIcon;
				ASSETCATALOG_COMPILER_GLOBAL_ACCENT_COLOR_NAME = AccentColor;
				CODE_SIGN_STYLE = Automatic;
				CURRENT_PROJECT_VERSION = 1;
				DEVELOPMENT_ASSET_PATHS = "\"Crypto_App/Preview Content\"";
				ENABLE_PREVIEWS = YES;
				GENERATE_INFOPLIST_FILE = YES;
				INFOPLIST_KEY_CFBundleDisplayName = "Practice App";
				INFOPLIST_KEY_UIApplicationSceneManifest_Generation = YES;
				INFOPLIST_KEY_UIApplicationSupportsIndirectInputEvents = YES;
				INFOPLIST_KEY_UILaunchScreen_Generation = YES;
				INFOPLIST_KEY_UISupportedInterfaceOrientations = UIInterfaceOrientationPortrait;
				LD_RUNPATH_SEARCH_PATHS = (
					"$(inherited)",
					"@executable_path/Frameworks",
				);
				MARKETING_VERSION = 1.0;
				PRODUCT_BUNDLE_IDENTIFIER = "com.devansh.Crypto-App";
				PRODUCT_NAME = "$(TARGET_NAME)";
				SUPPORTED_PLATFORMS = "iphoneos iphonesimulator";
				SUPPORTS_MACCATALYST = NO;
				SUPPORTS_MAC_DESIGNED_FOR_IPHONE_IPAD = NO;
				SUPPORTS_XR_DESIGNED_FOR_IPHONE_IPAD = NO;
				SWIFT_EMIT_LOC_STRINGS = YES;
				SWIFT_VERSION = 5.0;
				TARGETED_DEVICE_FAMILY = "1,2";
			};
			name = Debug;
		};
		E2B8D2AE2CF3ABDF0098B6DD /* Release */ = {
			isa = XCBuildConfiguration;
			buildSettings = {
				ASSETCATALOG_COMPILER_APPICON_NAME = AppIcon;
				ASSETCATALOG_COMPILER_GLOBAL_ACCENT_COLOR_NAME = AccentColor;
				CODE_SIGN_STYLE = Automatic;
				CURRENT_PROJECT_VERSION = 1;
				DEVELOPMENT_ASSET_PATHS = "\"Crypto_App/Preview Content\"";
				ENABLE_PREVIEWS = YES;
				GENERATE_INFOPLIST_FILE = YES;
				INFOPLIST_KEY_CFBundleDisplayName = "Practice App";
				INFOPLIST_KEY_UIApplicationSceneManifest_Generation = YES;
				INFOPLIST_KEY_UIApplicationSupportsIndirectInputEvents = YES;
				INFOPLIST_KEY_UILaunchScreen_Generation = YES;
				INFOPLIST_KEY_UISupportedInterfaceOrientations = UIInterfaceOrientationPortrait;
				LD_RUNPATH_SEARCH_PATHS = (
					"$(inherited)",
					"@executable_path/Frameworks",
				);
				MARKETING_VERSION = 1.0;
				PRODUCT_BUNDLE_IDENTIFIER = "com.devansh.Crypto-App";
				PRODUCT_NAME = "$(TARGET_NAME)";
				SUPPORTED_PLATFORMS = "iphoneos iphonesimulator";
				SUPPORTS_MACCATALYST = NO;
				SUPPORTS_MAC_DESIGNED_FOR_IPHONE_IPAD = NO;
				SUPPORTS_XR_DESIGNED_FOR_IPHONE_IPAD = NO;
				SWIFT_EMIT_LOC_STRINGS = YES;
				SWIFT_VERSION = 5.0;
				TARGETED_DEVICE_FAMILY = "1,2";
			};
			name = Release;
		};
/* End XCBuildConfiguration section */

/* Begin XCConfigurationList section */
		E2B8D2942CF3ABDC0098B6DD /* Build configuration list for PBXProject "Crypto_App" */ = {
			isa = XCConfigurationList;
			buildConfigurations = (
				E2B8D2AA2CF3ABDF0098B6DD /* Debug */,
				E2B8D2AB2CF3ABDF0098B6DD /* Release */,
			);
			defaultConfigurationIsVisible = 0;
			defaultConfigurationName = Release;
		};
		E2B8D2AC2CF3ABDF0098B6DD /* Build configuration list for PBXNativeTarget "Crypto_App" */ = {
			isa = XCConfigurationList;
			buildConfigurations = (
				E2B8D2AD2CF3ABDF0098B6DD /* Debug */,
				E2B8D2AE2CF3ABDF0098B6DD /* Release */,
			);
			defaultConfigurationIsVisible = 0;
			defaultConfigurationName = Release;
		};
/* End XCConfigurationList section */

/* Begin XCVersionGroup section */
		E2B8D2A72CF3ABDF0098B6DD /* Crypto_App.xcdatamodeld */ = {
			isa = XCVersionGroup;
			children = (
				E2B8D2A82CF3ABDF0098B6DD /* Crypto_App.xcdatamodel */,
			);
			currentVersion = E2B8D2A82CF3ABDF0098B6DD /* Crypto_App.xcdatamodel */;
			path = Crypto_App.xcdatamodeld;
			sourceTree = "<group>";
			versionGroupType = wrapper.xcdatamodel;
		};
/* End XCVersionGroup section */
	};
	rootObject = E2B8D2912CF3ABDC0098B6DD /* Project object */;
}
